// !$*UTF8*$!
{
	archiveVersion = 1;
	classes = {
	};
	objectVersion = 46;
	objects = {

/* Begin PBXBuildFile section */
		6119450515217F3400640C2B /* UIKit.framework in Frameworks */ = {isa = PBXBuildFile; fileRef = 6119450415217F3400640C2B /* UIKit.framework */; };
		6119450715217F3400640C2B /* Foundation.framework in Frameworks */ = {isa = PBXBuildFile; fileRef = 6119450615217F3400640C2B /* Foundation.framework */; };
		6119450915217F3400640C2B /* CoreGraphics.framework in Frameworks */ = {isa = PBXBuildFile; fileRef = 6119450815217F3400640C2B /* CoreGraphics.framework */; };
		6119450F15217F3400640C2B /* InfoPlist.strings in Resources */ = {isa = PBXBuildFile; fileRef = 6119450D15217F3400640C2B /* InfoPlist.strings */; };
		6119451115217F3400640C2B /* main.m in Sources */ = {isa = PBXBuildFile; fileRef = 6119451015217F3400640C2B /* main.m */; };
		6119451515217F3400640C2B /* AppDelegate.m in Sources */ = {isa = PBXBuildFile; fileRef = 6119451415217F3400640C2B /* AppDelegate.m */; };
		6119451815217F3400640C2B /* MainStoryboard_iPhone.storyboard in Resources */ = {isa = PBXBuildFile; fileRef = 6119451615217F3400640C2B /* MainStoryboard_iPhone.storyboard */; };
		6119451B15217F3500640C2B /* MainStoryboard_iPad.storyboard in Resources */ = {isa = PBXBuildFile; fileRef = 6119451915217F3500640C2B /* MainStoryboard_iPad.storyboard */; };
		6119452615217F3500640C2B /* SenTestingKit.framework in Frameworks */ = {isa = PBXBuildFile; fileRef = 6119452515217F3500640C2B /* SenTestingKit.framework */; };
		6119452715217F3500640C2B /* UIKit.framework in Frameworks */ = {isa = PBXBuildFile; fileRef = 6119450415217F3400640C2B /* UIKit.framework */; };
		6119452815217F3500640C2B /* Foundation.framework in Frameworks */ = {isa = PBXBuildFile; fileRef = 6119450615217F3400640C2B /* Foundation.framework */; };
		6119453015217F3500640C2B /* InfoPlist.strings in Resources */ = {isa = PBXBuildFile; fileRef = 6119452E15217F3500640C2B /* InfoPlist.strings */; };
		6119453315217F3500640C2B /* QrataTests.m in Sources */ = {isa = PBXBuildFile; fileRef = 6119453215217F3500640C2B /* QrataTests.m */; };
		6130C7061521F70B001BB803 /* RotatableViewController.m in Sources */ = {isa = PBXBuildFile; fileRef = 6130C7051521F70B001BB803 /* RotatableViewController.m */; };
		6130C70A1521F74F001BB803 /* QRataResultViewController.m in Sources */ = {isa = PBXBuildFile; fileRef = 6130C7091521F74F001BB803 /* QRataResultViewController.m */; };
		6130C70B1521F74F001BB803 /* QRataResultViewController.m in Sources */ = {isa = PBXBuildFile; fileRef = 6130C7091521F74F001BB803 /* QRataResultViewController.m */; };
		614C9C051576177300FDD76B /* index.html in Resources */ = {isa = PBXBuildFile; fileRef = 614C9C041576177300FDD76B /* index.html */; };
		614C9C071576247800FDD76B /* faq.html in Resources */ = {isa = PBXBuildFile; fileRef = 614C9C061576247800FDD76B /* faq.html */; };
		614C9C091576283500FDD76B /* cash.html in Resources */ = {isa = PBXBuildFile; fileRef = 614C9C081576283500FDD76B /* cash.html */; };
		61727E401574CC9D00D35FBD /* EvaluationRequestViewController.m in Sources */ = {isa = PBXBuildFile; fileRef = 61727E3F1574CC9D00D35FBD /* EvaluationRequestViewController.m */; };
		61727E461574D40500D35FBD /* logo.png in Resources */ = {isa = PBXBuildFile; fileRef = 61727E421574D40400D35FBD /* logo.png */; };
		61727E471574D40500D35FBD /* slant.png in Resources */ = {isa = PBXBuildFile; fileRef = 61727E431574D40400D35FBD /* slant.png */; };
		61727E481574D40500D35FBD /* slanted_gradient.png in Resources */ = {isa = PBXBuildFile; fileRef = 61727E441574D40400D35FBD /* slanted_gradient.png */; };
		61727E491574D40500D35FBD /* type_logo.png in Resources */ = {isa = PBXBuildFile; fileRef = 61727E451574D40400D35FBD /* type_logo.png */; };
		618FE84B1521B60700B3E1AC /* QRataSearchViewController.m in Sources */ = {isa = PBXBuildFile; fileRef = 618FE84A1521B60700B3E1AC /* QRataSearchViewController.m */; };
		61B1D5C615445EFA00103D8C /* QRataTaxonomyViewController.m in Sources */ = {isa = PBXBuildFile; fileRef = 61B1D5C515445EFA00103D8C /* QRataTaxonomyViewController.m */; };
		61BAE67F1523175000C5C069 /* ic_launcher_logo-web57x57.png in Resources */ = {isa = PBXBuildFile; fileRef = 61BAE67E1523175000C5C069 /* ic_launcher_logo-web57x57.png */; };
		61BAE6821523175700C5C069 /* ic_launcher_logo-web114x114.png in Resources */ = {isa = PBXBuildFile; fileRef = 61BAE6811523175700C5C069 /* ic_launcher_logo-web114x114.png */; };
		61BAE684152317FB00C5C069 /* ic_launcher_logo-web72x72.png in Resources */ = {isa = PBXBuildFile; fileRef = 61BAE683152317FB00C5C069 /* ic_launcher_logo-web72x72.png */; };
		61D834FF152333FE00045217 /* dummy.png in Resources */ = {isa = PBXBuildFile; fileRef = 61D834FE152333FE00045217 /* dummy.png */; };
		61D8350115233E8E00045217 /* QuartzCore.framework in Frameworks */ = {isa = PBXBuildFile; fileRef = 61D8350015233E8E00045217 /* QuartzCore.framework */; };
		61D8355B15234B7800045217 /* BingFetcher.m in Sources */ = {isa = PBXBuildFile; fileRef = 61D8355A15234B7800045217 /* BingFetcher.m */; };
		61D835661523642500045217 /* MetaDataTableViewController.m in Sources */ = {isa = PBXBuildFile; fileRef = 61D835651523642400045217 /* MetaDataTableViewController.m */; };
		61FAB6D01521BC4400C81D34 /* QRataFetcher.m in Sources */ = {isa = PBXBuildFile; fileRef = 61FAB6CF1521BC4400C81D34 /* QRataFetcher.m */; };
		61FAB6D11521BC4400C81D34 /* QRataFetcher.m in Sources */ = {isa = PBXBuildFile; fileRef = 61FAB6CF1521BC4400C81D34 /* QRataFetcher.m */; };
/* End PBXBuildFile section */

/* Begin PBXContainerItemProxy section */
		6119452915217F3500640C2B /* PBXContainerItemProxy */ = {
			isa = PBXContainerItemProxy;
			containerPortal = 611944F715217F3400640C2B /* Project object */;
			proxyType = 1;
			remoteGlobalIDString = 611944FF15217F3400640C2B;
			remoteInfo = Qrata;
		};
/* End PBXContainerItemProxy section */

/* Begin PBXFileReference section */
		6119450015217F3400640C2B /* Q-Rata.app */ = {isa = PBXFileReference; explicitFileType = wrapper.application; includeInIndex = 0; path = "Q-Rata.app"; sourceTree = BUILT_PRODUCTS_DIR; };
		6119450415217F3400640C2B /* UIKit.framework */ = {isa = PBXFileReference; lastKnownFileType = wrapper.framework; name = UIKit.framework; path = System/Library/Frameworks/UIKit.framework; sourceTree = SDKROOT; };
		6119450615217F3400640C2B /* Foundation.framework */ = {isa = PBXFileReference; lastKnownFileType = wrapper.framework; name = Foundation.framework; path = System/Library/Frameworks/Foundation.framework; sourceTree = SDKROOT; };
		6119450815217F3400640C2B /* CoreGraphics.framework */ = {isa = PBXFileReference; lastKnownFileType = wrapper.framework; name = CoreGraphics.framework; path = System/Library/Frameworks/CoreGraphics.framework; sourceTree = SDKROOT; };
		6119450C15217F3400640C2B /* Qrata-Info.plist */ = {isa = PBXFileReference; lastKnownFileType = text.plist.xml; path = "Qrata-Info.plist"; sourceTree = "<group>"; };
		6119450E15217F3400640C2B /* en */ = {isa = PBXFileReference; lastKnownFileType = text.plist.strings; name = en; path = en.lproj/InfoPlist.strings; sourceTree = "<group>"; };
		6119451015217F3400640C2B /* main.m */ = {isa = PBXFileReference; lastKnownFileType = sourcecode.c.objc; path = main.m; sourceTree = "<group>"; };
		6119451215217F3400640C2B /* Qrata-Prefix.pch */ = {isa = PBXFileReference; lastKnownFileType = sourcecode.c.h; path = "Qrata-Prefix.pch"; sourceTree = "<group>"; };
		6119451315217F3400640C2B /* AppDelegate.h */ = {isa = PBXFileReference; lastKnownFileType = sourcecode.c.h; path = AppDelegate.h; sourceTree = "<group>"; };
		6119451415217F3400640C2B /* AppDelegate.m */ = {isa = PBXFileReference; lastKnownFileType = sourcecode.c.objc; path = AppDelegate.m; sourceTree = "<group>"; };
		6119451715217F3400640C2B /* en */ = {isa = PBXFileReference; lastKnownFileType = file.storyboard; name = en; path = en.lproj/MainStoryboard_iPhone.storyboard; sourceTree = "<group>"; };
		6119451A15217F3500640C2B /* en */ = {isa = PBXFileReference; lastKnownFileType = file.storyboard; name = en; path = en.lproj/MainStoryboard_iPad.storyboard; sourceTree = "<group>"; };
		6119452415217F3500640C2B /* QrataTests.octest */ = {isa = PBXFileReference; explicitFileType = wrapper.cfbundle; includeInIndex = 0; path = QrataTests.octest; sourceTree = BUILT_PRODUCTS_DIR; };
		6119452515217F3500640C2B /* SenTestingKit.framework */ = {isa = PBXFileReference; lastKnownFileType = wrapper.framework; name = SenTestingKit.framework; path = Library/Frameworks/SenTestingKit.framework; sourceTree = DEVELOPER_DIR; };
		6119452D15217F3500640C2B /* QrataTests-Info.plist */ = {isa = PBXFileReference; lastKnownFileType = text.plist.xml; path = "QrataTests-Info.plist"; sourceTree = "<group>"; };
		6119452F15217F3500640C2B /* en */ = {isa = PBXFileReference; lastKnownFileType = text.plist.strings; name = en; path = en.lproj/InfoPlist.strings; sourceTree = "<group>"; };
		6119453115217F3500640C2B /* QrataTests.h */ = {isa = PBXFileReference; lastKnownFileType = sourcecode.c.h; path = QrataTests.h; sourceTree = "<group>"; };
		6119453215217F3500640C2B /* QrataTests.m */ = {isa = PBXFileReference; lastKnownFileType = sourcecode.c.objc; path = QrataTests.m; sourceTree = "<group>"; };
		6130C7041521F70B001BB803 /* RotatableViewController.h */ = {isa = PBXFileReference; fileEncoding = 4; lastKnownFileType = sourcecode.c.h; path = RotatableViewController.h; sourceTree = "<group>"; };
		6130C7051521F70B001BB803 /* RotatableViewController.m */ = {isa = PBXFileReference; fileEncoding = 4; lastKnownFileType = sourcecode.c.objc; path = RotatableViewController.m; sourceTree = "<group>"; };
		6130C7081521F74F001BB803 /* QRataResultViewController.h */ = {isa = PBXFileReference; fileEncoding = 4; lastKnownFileType = sourcecode.c.h; path = QRataResultViewController.h; sourceTree = "<group>"; };
		6130C7091521F74F001BB803 /* QRataResultViewController.m */ = {isa = PBXFileReference; fileEncoding = 4; lastKnownFileType = sourcecode.c.objc; path = QRataResultViewController.m; sourceTree = "<group>"; };
		6130C70C1521F814001BB803 /* SplitViewBarButtonItemPresenterProtocol.h */ = {isa = PBXFileReference; fileEncoding = 4; lastKnownFileType = sourcecode.c.h; path = SplitViewBarButtonItemPresenterProtocol.h; sourceTree = "<group>"; };
		614C9C041576177300FDD76B /* index.html */ = {isa = PBXFileReference; fileEncoding = 4; lastKnownFileType = text.html; path = index.html; sourceTree = "<group>"; };
		614C9C061576247800FDD76B /* faq.html */ = {isa = PBXFileReference; fileEncoding = 4; lastKnownFileType = text.html; path = faq.html; sourceTree = "<group>"; };
		614C9C081576283500FDD76B /* cash.html */ = {isa = PBXFileReference; fileEncoding = 4; lastKnownFileType = text.html; path = cash.html; sourceTree = "<group>"; };
		61727E3E1574CC9D00D35FBD /* EvaluationRequestViewController.h */ = {isa = PBXFileReference; fileEncoding = 4; lastKnownFileType = sourcecode.c.h; path = EvaluationRequestViewController.h; sourceTree = "<group>"; };
		61727E3F1574CC9D00D35FBD /* EvaluationRequestViewController.m */ = {isa = PBXFileReference; fileEncoding = 4; lastKnownFileType = sourcecode.c.objc; path = EvaluationRequestViewController.m; sourceTree = "<group>"; };
		61727E421574D40400D35FBD /* logo.png */ = {isa = PBXFileReference; lastKnownFileType = image.png; path = logo.png; sourceTree = "<group>"; };
		61727E431574D40400D35FBD /* slant.png */ = {isa = PBXFileReference; lastKnownFileType = image.png; path = slant.png; sourceTree = "<group>"; };
		61727E441574D40400D35FBD /* slanted_gradient.png */ = {isa = PBXFileReference; lastKnownFileType = image.png; path = slanted_gradient.png; sourceTree = "<group>"; };
		61727E451574D40400D35FBD /* type_logo.png */ = {isa = PBXFileReference; lastKnownFileType = image.png; path = type_logo.png; sourceTree = "<group>"; };
		618FE8491521B60700B3E1AC /* QRataSearchViewController.h */ = {isa = PBXFileReference; fileEncoding = 4; lastKnownFileType = sourcecode.c.h; path = QRataSearchViewController.h; sourceTree = "<group>"; };
		618FE84A1521B60700B3E1AC /* QRataSearchViewController.m */ = {isa = PBXFileReference; fileEncoding = 4; lastKnownFileType = sourcecode.c.objc; path = QRataSearchViewController.m; sourceTree = "<group>"; };
		61B1D5C415445EFA00103D8C /* QRataTaxonomyViewController.h */ = {isa = PBXFileReference; fileEncoding = 4; lastKnownFileType = sourcecode.c.h; path = QRataTaxonomyViewController.h; sourceTree = "<group>"; };
		61B1D5C515445EFA00103D8C /* QRataTaxonomyViewController.m */ = {isa = PBXFileReference; fileEncoding = 4; lastKnownFileType = sourcecode.c.objc; path = QRataTaxonomyViewController.m; sourceTree = "<group>"; };
		61BAE67E1523175000C5C069 /* ic_launcher_logo-web57x57.png */ = {isa = PBXFileReference; lastKnownFileType = image.png; name = "ic_launcher_logo-web57x57.png"; path = "../ic_launcher_logo-web57x57.png"; sourceTree = "<group>"; };
		61BAE6811523175700C5C069 /* ic_launcher_logo-web114x114.png */ = {isa = PBXFileReference; lastKnownFileType = image.png; name = "ic_launcher_logo-web114x114.png"; path = "../ic_launcher_logo-web114x114.png"; sourceTree = "<group>"; };
		61BAE683152317FB00C5C069 /* ic_launcher_logo-web72x72.png */ = {isa = PBXFileReference; lastKnownFileType = image.png; name = "ic_launcher_logo-web72x72.png"; path = "../ic_launcher_logo-web72x72.png"; sourceTree = "<group>"; };
		61D834FE152333FE00045217 /* dummy.png */ = {isa = PBXFileReference; lastKnownFileType = image.png; path = dummy.png; sourceTree = "<group>"; };
		61D8350015233E8E00045217 /* QuartzCore.framework */ = {isa = PBXFileReference; lastKnownFileType = wrapper.framework; name = QuartzCore.framework; path = System/Library/Frameworks/QuartzCore.framework; sourceTree = SDKROOT; };
		61D8355815234B7800045217 /* BingAPIKey.h */ = {isa = PBXFileReference; fileEncoding = 4; lastKnownFileType = sourcecode.c.h; path = BingAPIKey.h; sourceTree = "<group>"; };
		61D8355915234B7800045217 /* BingFetcher.h */ = {isa = PBXFileReference; fileEncoding = 4; lastKnownFileType = sourcecode.c.h; path = BingFetcher.h; sourceTree = "<group>"; };
		61D8355A15234B7800045217 /* BingFetcher.m */ = {isa = PBXFileReference; fileEncoding = 4; lastKnownFileType = sourcecode.c.objc; path = BingFetcher.m; sourceTree = "<group>"; };
		61D835641523642400045217 /* MetaDataTableViewController.h */ = {isa = PBXFileReference; fileEncoding = 4; lastKnownFileType = sourcecode.c.h; path = MetaDataTableViewController.h; sourceTree = "<group>"; };
		61D835651523642400045217 /* MetaDataTableViewController.m */ = {isa = PBXFileReference; fileEncoding = 4; lastKnownFileType = sourcecode.c.objc; path = MetaDataTableViewController.m; sourceTree = "<group>"; };
		61FAB6CD1521BC4400C81D34 /* QRataAPIKey.h */ = {isa = PBXFileReference; fileEncoding = 4; lastKnownFileType = sourcecode.c.h; path = QRataAPIKey.h; sourceTree = "<group>"; };
		61FAB6CE1521BC4400C81D34 /* QRataFetcher.h */ = {isa = PBXFileReference; fileEncoding = 4; lastKnownFileType = sourcecode.c.h; path = QRataFetcher.h; sourceTree = "<group>"; };
		61FAB6CF1521BC4400C81D34 /* QRataFetcher.m */ = {isa = PBXFileReference; fileEncoding = 4; lastKnownFileType = sourcecode.c.objc; path = QRataFetcher.m; sourceTree = "<group>"; };
/* End PBXFileReference section */

/* Begin PBXFrameworksBuildPhase section */
		611944FD15217F3400640C2B /* Frameworks */ = {
			isa = PBXFrameworksBuildPhase;
			buildActionMask = 2147483647;
			files = (
				61D8350115233E8E00045217 /* QuartzCore.framework in Frameworks */,
				6119450515217F3400640C2B /* UIKit.framework in Frameworks */,
				6119450715217F3400640C2B /* Foundation.framework in Frameworks */,
				6119450915217F3400640C2B /* CoreGraphics.framework in Frameworks */,
			);
			runOnlyForDeploymentPostprocessing = 0;
		};
		6119452015217F3500640C2B /* Frameworks */ = {
			isa = PBXFrameworksBuildPhase;
			buildActionMask = 2147483647;
			files = (
				6119452615217F3500640C2B /* SenTestingKit.framework in Frameworks */,
				6119452715217F3500640C2B /* UIKit.framework in Frameworks */,
				6119452815217F3500640C2B /* Foundation.framework in Frameworks */,
			);
			runOnlyForDeploymentPostprocessing = 0;
		};
/* End PBXFrameworksBuildPhase section */

/* Begin PBXGroup section */
		611944F515217F3400640C2B = {
			isa = PBXGroup;
			children = (
				61D8350015233E8E00045217 /* QuartzCore.framework */,
				6119450A15217F3400640C2B /* Qrata */,
				6119452B15217F3500640C2B /* QrataTests */,
				6119450315217F3400640C2B /* Frameworks */,
				6119450115217F3400640C2B /* Products */,
			);
			sourceTree = "<group>";
		};
		6119450115217F3400640C2B /* Products */ = {
			isa = PBXGroup;
			children = (
				6119450015217F3400640C2B /* Q-Rata.app */,
				6119452415217F3500640C2B /* QrataTests.octest */,
			);
			name = Products;
			sourceTree = "<group>";
		};
		6119450315217F3400640C2B /* Frameworks */ = {
			isa = PBXGroup;
			children = (
				6119450415217F3400640C2B /* UIKit.framework */,
				6119450615217F3400640C2B /* Foundation.framework */,
				6119450815217F3400640C2B /* CoreGraphics.framework */,
				6119452515217F3500640C2B /* SenTestingKit.framework */,
			);
			name = Frameworks;
			sourceTree = "<group>";
		};
		6119450A15217F3400640C2B /* Qrata */ = {
			isa = PBXGroup;
			children = (
				61727E4B1574D41300D35FBD /* Resources */,
				61D8355815234B7800045217 /* BingAPIKey.h */,
				61D8355915234B7800045217 /* BingFetcher.h */,
				61D8355A15234B7800045217 /* BingFetcher.m */,
				6119451615217F3400640C2B /* MainStoryboard_iPhone.storyboard */,
				6119451915217F3500640C2B /* MainStoryboard_iPad.storyboard */,
				61D835641523642400045217 /* MetaDataTableViewController.h */,
				61D835651523642400045217 /* MetaDataTableViewController.m */,
				61727E3E1574CC9D00D35FBD /* EvaluationRequestViewController.h */,
				61727E3F1574CC9D00D35FBD /* EvaluationRequestViewController.m */,
				6130C7081521F74F001BB803 /* QRataResultViewController.h */,
				6130C7091521F74F001BB803 /* QRataResultViewController.m */,
				618FE8491521B60700B3E1AC /* QRataSearchViewController.h */,
				618FE84A1521B60700B3E1AC /* QRataSearchViewController.m */,
				61B1D5C415445EFA00103D8C /* QRataTaxonomyViewController.h */,
				61B1D5C515445EFA00103D8C /* QRataTaxonomyViewController.m */,
				61FAB6CD1521BC4400C81D34 /* QRataAPIKey.h */,
				61FAB6CE1521BC4400C81D34 /* QRataFetcher.h */,
				61FAB6CF1521BC4400C81D34 /* QRataFetcher.m */,
				6130C7041521F70B001BB803 /* RotatableViewController.h */,
				6130C7051521F70B001BB803 /* RotatableViewController.m */,
				6130C70C1521F814001BB803 /* SplitViewBarButtonItemPresenterProtocol.h */,
				6119450B15217F3400640C2B /* Supporting Files */,
			);
			path = Qrata;
			sourceTree = "<group>";
		};
		6119450B15217F3400640C2B /* Supporting Files */ = {
			isa = PBXGroup;
			children = (
				61D834FE152333FE00045217 /* dummy.png */,
				61BAE683152317FB00C5C069 /* ic_launcher_logo-web72x72.png */,
				61BAE6811523175700C5C069 /* ic_launcher_logo-web114x114.png */,
				61BAE67E1523175000C5C069 /* ic_launcher_logo-web57x57.png */,
				6119451315217F3400640C2B /* AppDelegate.h */,
				6119451415217F3400640C2B /* AppDelegate.m */,
				6119450C15217F3400640C2B /* Qrata-Info.plist */,
				6119450D15217F3400640C2B /* InfoPlist.strings */,
				6119451015217F3400640C2B /* main.m */,
				6119451215217F3400640C2B /* Qrata-Prefix.pch */,
			);
			name = "Supporting Files";
			sourceTree = "<group>";
		};
		6119452B15217F3500640C2B /* QrataTests */ = {
			isa = PBXGroup;
			children = (
				6119453115217F3500640C2B /* QrataTests.h */,
				6119453215217F3500640C2B /* QrataTests.m */,
				6119452C15217F3500640C2B /* Supporting Files */,
			);
			path = QrataTests;
			sourceTree = "<group>";
		};
		6119452C15217F3500640C2B /* Supporting Files */ = {
			isa = PBXGroup;
			children = (
				6119452D15217F3500640C2B /* QrataTests-Info.plist */,
				6119452E15217F3500640C2B /* InfoPlist.strings */,
			);
			name = "Supporting Files";
			sourceTree = "<group>";
		};
		61727E4B1574D41300D35FBD /* Resources */ = {
			isa = PBXGroup;
			children = (
				614C9C081576283500FDD76B /* cash.html */,
				61727E421574D40400D35FBD /* logo.png */,
				61727E431574D40400D35FBD /* slant.png */,
				61727E441574D40400D35FBD /* slanted_gradient.png */,
				61727E451574D40400D35FBD /* type_logo.png */,
				614C9C041576177300FDD76B /* index.html */,
				614C9C061576247800FDD76B /* faq.html */,
			);
			name = Resources;
			sourceTree = "<group>";
		};
/* End PBXGroup section */

/* Begin PBXNativeTarget section */
		611944FF15217F3400640C2B /* Q-Rata */ = {
			isa = PBXNativeTarget;
			buildConfigurationList = 6119453615217F3500640C2B /* Build configuration list for PBXNativeTarget "Q-Rata" */;
			buildPhases = (
				611944FC15217F3400640C2B /* Sources */,
				611944FD15217F3400640C2B /* Frameworks */,
				611944FE15217F3400640C2B /* Resources */,
			);
			buildRules = (
			);
			dependencies = (
			);
			name = "Q-Rata";
			productName = Qrata;
			productReference = 6119450015217F3400640C2B /* Q-Rata.app */;
			productType = "com.apple.product-type.application";
		};
		6119452315217F3500640C2B /* QrataTests */ = {
			isa = PBXNativeTarget;
			buildConfigurationList = 6119453915217F3500640C2B /* Build configuration list for PBXNativeTarget "QrataTests" */;
			buildPhases = (
				6119451F15217F3500640C2B /* Sources */,
				6119452015217F3500640C2B /* Frameworks */,
				6119452115217F3500640C2B /* Resources */,
				6119452215217F3500640C2B /* ShellScript */,
			);
			buildRules = (
			);
			dependencies = (
				6119452A15217F3500640C2B /* PBXTargetDependency */,
			);
			name = QrataTests;
			productName = QrataTests;
			productReference = 6119452415217F3500640C2B /* QrataTests.octest */;
			productType = "com.apple.product-type.bundle";
		};
/* End PBXNativeTarget section */

/* Begin PBXProject section */
		611944F715217F3400640C2B /* Project object */ = {
			isa = PBXProject;
			attributes = {
				LastUpgradeCheck = 0420;
				ORGANIZATIONNAME = "NeuroGrid Ltd.";
			};
			buildConfigurationList = 611944FA15217F3400640C2B /* Build configuration list for PBXProject "Qrata" */;
			compatibilityVersion = "Xcode 3.2";
			developmentRegion = English;
			hasScannedForEncodings = 0;
			knownRegions = (
				en,
			);
			mainGroup = 611944F515217F3400640C2B;
			productRefGroup = 6119450115217F3400640C2B /* Products */;
			projectDirPath = "";
			projectRoot = "";
			targets = (
				611944FF15217F3400640C2B /* Q-Rata */,
				6119452315217F3500640C2B /* QrataTests */,
			);
		};
/* End PBXProject section */

/* Begin PBXResourcesBuildPhase section */
		611944FE15217F3400640C2B /* Resources */ = {
			isa = PBXResourcesBuildPhase;
			buildActionMask = 2147483647;
			files = (
				6119450F15217F3400640C2B /* InfoPlist.strings in Resources */,
				6119451815217F3400640C2B /* MainStoryboard_iPhone.storyboard in Resources */,
				6119451B15217F3500640C2B /* MainStoryboard_iPad.storyboard in Resources */,
				61BAE67F1523175000C5C069 /* ic_launcher_logo-web57x57.png in Resources */,
				61BAE6821523175700C5C069 /* ic_launcher_logo-web114x114.png in Resources */,
				61BAE684152317FB00C5C069 /* ic_launcher_logo-web72x72.png in Resources */,
				61D834FF152333FE00045217 /* dummy.png in Resources */,
				61727E461574D40500D35FBD /* logo.png in Resources */,
				61727E471574D40500D35FBD /* slant.png in Resources */,
				61727E481574D40500D35FBD /* slanted_gradient.png in Resources */,
				61727E491574D40500D35FBD /* type_logo.png in Resources */,
				614C9C051576177300FDD76B /* index.html in Resources */,
				614C9C071576247800FDD76B /* faq.html in Resources */,
				614C9C091576283500FDD76B /* cash.html in Resources */,
			);
			runOnlyForDeploymentPostprocessing = 0;
		};
		6119452115217F3500640C2B /* Resources */ = {
			isa = PBXResourcesBuildPhase;
			buildActionMask = 2147483647;
			files = (
				6119453015217F3500640C2B /* InfoPlist.strings in Resources */,
			);
			runOnlyForDeploymentPostprocessing = 0;
		};
/* End PBXResourcesBuildPhase section */

/* Begin PBXShellScriptBuildPhase section */
		6119452215217F3500640C2B /* ShellScript */ = {
			isa = PBXShellScriptBuildPhase;
			buildActionMask = 2147483647;
			files = (
			);
			inputPaths = (
			);
			outputPaths = (
			);
			runOnlyForDeploymentPostprocessing = 0;
			shellPath = /bin/sh;
			shellScript = "# Run the unit tests in this test bundle.\n\"${SYSTEM_DEVELOPER_DIR}/Tools/RunUnitTests\"\n";
		};
/* End PBXShellScriptBuildPhase section */

/* Begin PBXSourcesBuildPhase section */
		611944FC15217F3400640C2B /* Sources */ = {
			isa = PBXSourcesBuildPhase;
			buildActionMask = 2147483647;
			files = (
				6119451115217F3400640C2B /* main.m in Sources */,
				6119451515217F3400640C2B /* AppDelegate.m in Sources */,
				618FE84B1521B60700B3E1AC /* QRataSearchViewController.m in Sources */,
				61FAB6D01521BC4400C81D34 /* QRataFetcher.m in Sources */,
				6130C7061521F70B001BB803 /* RotatableViewController.m in Sources */,
				6130C70A1521F74F001BB803 /* QRataResultViewController.m in Sources */,
				61D8355B15234B7800045217 /* BingFetcher.m in Sources */,
				61D835661523642500045217 /* MetaDataTableViewController.m in Sources */,
				61B1D5C615445EFA00103D8C /* QRataTaxonomyViewController.m in Sources */,
				61727E401574CC9D00D35FBD /* EvaluationRequestViewController.m in Sources */,
			);
			runOnlyForDeploymentPostprocessing = 0;
		};
		6119451F15217F3500640C2B /* Sources */ = {
			isa = PBXSourcesBuildPhase;
			buildActionMask = 2147483647;
			files = (
				6119453315217F3500640C2B /* QrataTests.m in Sources */,
				61FAB6D11521BC4400C81D34 /* QRataFetcher.m in Sources */,
				6130C70B1521F74F001BB803 /* QRataResultViewController.m in Sources */,
			);
			runOnlyForDeploymentPostprocessing = 0;
		};
/* End PBXSourcesBuildPhase section */

/* Begin PBXTargetDependency section */
		6119452A15217F3500640C2B /* PBXTargetDependency */ = {
			isa = PBXTargetDependency;
			target = 611944FF15217F3400640C2B /* Q-Rata */;
			targetProxy = 6119452915217F3500640C2B /* PBXContainerItemProxy */;
		};
/* End PBXTargetDependency section */

/* Begin PBXVariantGroup section */
		6119450D15217F3400640C2B /* InfoPlist.strings */ = {
			isa = PBXVariantGroup;
			children = (
				6119450E15217F3400640C2B /* en */,
			);
			name = InfoPlist.strings;
			sourceTree = "<group>";
		};
		6119451615217F3400640C2B /* MainStoryboard_iPhone.storyboard */ = {
			isa = PBXVariantGroup;
			children = (
				6119451715217F3400640C2B /* en */,
			);
			name = MainStoryboard_iPhone.storyboard;
			sourceTree = "<group>";
		};
		6119451915217F3500640C2B /* MainStoryboard_iPad.storyboard */ = {
			isa = PBXVariantGroup;
			children = (
				6119451A15217F3500640C2B /* en */,
			);
			name = MainStoryboard_iPad.storyboard;
			sourceTree = "<group>";
		};
		6119452E15217F3500640C2B /* InfoPlist.strings */ = {
			isa = PBXVariantGroup;
			children = (
				6119452F15217F3500640C2B /* en */,
			);
			name = InfoPlist.strings;
			sourceTree = "<group>";
		};
/* End PBXVariantGroup section */

/* Begin XCBuildConfiguration section */
		6119453415217F3500640C2B /* Debug */ = {
			isa = XCBuildConfiguration;
			buildSettings = {
				ALWAYS_SEARCH_USER_PATHS = NO;
				ARCHS = "$(ARCHS_STANDARD_32_BIT)";
				CLANG_ENABLE_OBJC_ARC = YES;
				"CODE_SIGN_IDENTITY[sdk=iphoneos*]" = "iPhone Developer";
				COPY_PHASE_STRIP = NO;
				GCC_C_LANGUAGE_STANDARD = gnu99;
				GCC_DYNAMIC_NO_PIC = NO;
				GCC_OPTIMIZATION_LEVEL = 0;
				GCC_PREPROCESSOR_DEFINITIONS = (
					"DEBUG=1",
					"$(inherited)",
				);
				GCC_SYMBOLS_PRIVATE_EXTERN = NO;
				GCC_VERSION = com.apple.compilers.llvm.clang.1_0;
				GCC_WARN_ABOUT_MISSING_PROTOTYPES = YES;
				GCC_WARN_ABOUT_RETURN_TYPE = YES;
				GCC_WARN_UNUSED_VARIABLE = YES;
				IPHONEOS_DEPLOYMENT_TARGET = 5.0;
				SDKROOT = iphoneos;
				TARGETED_DEVICE_FAMILY = "1,2";
			};
			name = Debug;
		};
		6119453515217F3500640C2B /* Release */ = {
			isa = XCBuildConfiguration;
			buildSettings = {
				ALWAYS_SEARCH_USER_PATHS = NO;
				ARCHS = "$(ARCHS_STANDARD_32_BIT)";
				CLANG_ENABLE_OBJC_ARC = YES;
				"CODE_SIGN_IDENTITY[sdk=iphoneos*]" = "iPhone Developer";
				COPY_PHASE_STRIP = YES;
				GCC_C_LANGUAGE_STANDARD = gnu99;
				GCC_VERSION = com.apple.compilers.llvm.clang.1_0;
				GCC_WARN_ABOUT_MISSING_PROTOTYPES = YES;
				GCC_WARN_ABOUT_RETURN_TYPE = YES;
				GCC_WARN_UNUSED_VARIABLE = YES;
				IPHONEOS_DEPLOYMENT_TARGET = 5.0;
				OTHER_CFLAGS = "-DNS_BLOCK_ASSERTIONS=1";
				SDKROOT = iphoneos;
				TARGETED_DEVICE_FAMILY = "1,2";
				VALIDATE_PRODUCT = YES;
			};
			name = Release;
		};
		6119453715217F3500640C2B /* Debug */ = {
			isa = XCBuildConfiguration;
			buildSettings = {
				GCC_PRECOMPILE_PREFIX_HEADER = YES;
				GCC_PREFIX_HEADER = "Qrata/Qrata-Prefix.pch";
				INFOPLIST_FILE = "Qrata/Qrata-Info.plist";
				PRODUCT_NAME = "$(TARGET_NAME)";
				WRAPPER_EXTENSION = app;
			};
			name = Debug;
		};
		6119453815217F3500640C2B /* Release */ = {
			isa = XCBuildConfiguration;
			buildSettings = {
				GCC_PRECOMPILE_PREFIX_HEADER = YES;
				GCC_PREFIX_HEADER = "Qrata/Qrata-Prefix.pch";
				INFOPLIST_FILE = "Qrata/Qrata-Info.plist";
				PRODUCT_NAME = "$(TARGET_NAME)";
				WRAPPER_EXTENSION = app;
			};
			name = Release;
		};
		6119453A15217F3500640C2B /* Debug */ = {
			isa = XCBuildConfiguration;
			buildSettings = {
				BUNDLE_LOADER = "$(BUILT_PRODUCTS_DIR)/Qrata.app/Qrata";
				FRAMEWORK_SEARCH_PATHS = (
					"$(SDKROOT)/Developer/Library/Frameworks",
					"$(DEVELOPER_LIBRARY_DIR)/Frameworks",
				);
				GCC_PRECOMPILE_PREFIX_HEADER = YES;
				GCC_PREFIX_HEADER = "Qrata/Qrata-Prefix.pch";
				INFOPLIST_FILE = "QrataTests/QrataTests-Info.plist";
				PRODUCT_NAME = "$(TARGET_NAME)";
				TEST_HOST = "$(BUNDLE_LOADER)";
				WRAPPER_EXTENSION = octest;
			};
			name = Debug;
		};
		6119453B15217F3500640C2B /* Release */ = {
			isa = XCBuildConfiguration;
			buildSettings = {
				BUNDLE_LOADER = "$(BUILT_PRODUCTS_DIR)/Qrata.app/Qrata";
				FRAMEWORK_SEARCH_PATHS = (
					"$(SDKROOT)/Developer/Library/Frameworks",
					"$(DEVELOPER_LIBRARY_DIR)/Frameworks",
				);
				GCC_PRECOMPILE_PREFIX_HEADER = YES;
				GCC_PREFIX_HEADER = "Qrata/Qrata-Prefix.pch";
				INFOPLIST_FILE = "QrataTests/QrataTests-Info.plist";
				PRODUCT_NAME = "$(TARGET_NAME)";
				TEST_HOST = "$(BUNDLE_LOADER)";
				WRAPPER_EXTENSION = octest;
			};
			name = Release;
		};
/* End XCBuildConfiguration section */

/* Begin XCConfigurationList section */
		611944FA15217F3400640C2B /* Build configuration list for PBXProject "Qrata" */ = {
			isa = XCConfigurationList;
			buildConfigurations = (
				6119453415217F3500640C2B /* Debug */,
				6119453515217F3500640C2B /* Release */,
			);
			defaultConfigurationIsVisible = 0;
			defaultConfigurationName = Release;
		};
		6119453615217F3500640C2B /* Build configuration list for PBXNativeTarget "Q-Rata" */ = {
			isa = XCConfigurationList;
			buildConfigurations = (
				6119453715217F3500640C2B /* Debug */,
				6119453815217F3500640C2B /* Release */,
			);
			defaultConfigurationIsVisible = 0;
			defaultConfigurationName = Release;
		};
		6119453915217F3500640C2B /* Build configuration list for PBXNativeTarget "QrataTests" */ = {
			isa = XCConfigurationList;
			buildConfigurations = (
				6119453A15217F3500640C2B /* Debug */,
				6119453B15217F3500640C2B /* Release */,
			);
			defaultConfigurationIsVisible = 0;
			defaultConfigurationName = Release;
		};
/* End XCConfigurationList section */
	};
	rootObject = 611944F715217F3400640C2B /* Project object */;
}
